// !$*UTF8*$!
{
	archiveVersion = 1;
	classes = {
	};
	objectVersion = 48;
	objects = {

/* Begin PBXBuildFile section */
		1F5A1C40205BC4F700F1CE86 /* AppDelegate.swift in Sources */ = {isa = PBXBuildFile; fileRef = 1F5A1C3F205BC4F700F1CE86 /* AppDelegate.swift */; };
		1F5A1C42205BC4F700F1CE86 /* ViewController.swift in Sources */ = {isa = PBXBuildFile; fileRef = 1F5A1C41205BC4F700F1CE86 /* ViewController.swift */; };
		1F5A1C45205BC4F700F1CE86 /* Main.storyboard in Resources */ = {isa = PBXBuildFile; fileRef = 1F5A1C43205BC4F700F1CE86 /* Main.storyboard */; };
		1F5A1C47205BC4F700F1CE86 /* Assets.xcassets in Resources */ = {isa = PBXBuildFile; fileRef = 1F5A1C46205BC4F700F1CE86 /* Assets.xcassets */; };
		1F5A1C4A205BC4F700F1CE86 /* LaunchScreen.storyboard in Resources */ = {isa = PBXBuildFile; fileRef = 1F5A1C48205BC4F700F1CE86 /* LaunchScreen.storyboard */; };
		1F5A1C55205BC4F700F1CE86 /* XSC_DemoTests.swift in Sources */ = {isa = PBXBuildFile; fileRef = 1F5A1C54205BC4F700F1CE86 /* XSC_DemoTests.swift */; };
		1F5A1C60205BC4F700F1CE86 /* XSC_DemoUITests.swift in Sources */ = {isa = PBXBuildFile; fileRef = 1F5A1C5F205BC4F700F1CE86 /* XSC_DemoUITests.swift */; };
/* End PBXBuildFile section */

/* Begin PBXContainerItemProxy section */
		1F5A1C51205BC4F700F1CE86 /* PBXContainerItemProxy */ = {
			isa = PBXContainerItemProxy;
			containerPortal = 1F5A1C34205BC4F700F1CE86 /* Project object */;
			proxyType = 1;
			remoteGlobalIDString = 1F5A1C3B205BC4F700F1CE86;
			remoteInfo = "XSC-Demo";
		};
		1F5A1C5C205BC4F700F1CE86 /* PBXContainerItemProxy */ = {
			isa = PBXContainerItemProxy;
			containerPortal = 1F5A1C34205BC4F700F1CE86 /* Project object */;
			proxyType = 1;
			remoteGlobalIDString = 1F5A1C3B205BC4F700F1CE86;
			remoteInfo = "XSC-Demo";
		};
/* End PBXContainerItemProxy section */

/* Begin PBXFileReference section */
		1F5A1C3C205BC4F700F1CE86 /* XSC-Demo.app */ = {isa = PBXFileReference; explicitFileType = wrapper.application; includeInIndex = 0; path = "XSC-Demo.app"; sourceTree = BUILT_PRODUCTS_DIR; };
		1F5A1C3F205BC4F700F1CE86 /* AppDelegate.swift */ = {isa = PBXFileReference; lastKnownFileType = sourcecode.swift; path = AppDelegate.swift; sourceTree = "<group>"; };
		1F5A1C41205BC4F700F1CE86 /* ViewController.swift */ = {isa = PBXFileReference; lastKnownFileType = sourcecode.swift; path = ViewController.swift; sourceTree = "<group>"; };
		1F5A1C44205BC4F700F1CE86 /* Base */ = {isa = PBXFileReference; lastKnownFileType = file.storyboard; name = Base; path = Base.lproj/Main.storyboard; sourceTree = "<group>"; };
		1F5A1C46205BC4F700F1CE86 /* Assets.xcassets */ = {isa = PBXFileReference; lastKnownFileType = folder.assetcatalog; path = Assets.xcassets; sourceTree = "<group>"; };
		1F5A1C49205BC4F700F1CE86 /* Base */ = {isa = PBXFileReference; lastKnownFileType = file.storyboard; name = Base; path = Base.lproj/LaunchScreen.storyboard; sourceTree = "<group>"; };
		1F5A1C4B205BC4F700F1CE86 /* Info.plist */ = {isa = PBXFileReference; lastKnownFileType = text.plist.xml; path = Info.plist; sourceTree = "<group>"; };
		1F5A1C50205BC4F700F1CE86 /* XSC-DemoTests.xctest */ = {isa = PBXFileReference; explicitFileType = wrapper.cfbundle; includeInIndex = 0; path = "XSC-DemoTests.xctest"; sourceTree = BUILT_PRODUCTS_DIR; };
		1F5A1C54205BC4F700F1CE86 /* XSC_DemoTests.swift */ = {isa = PBXFileReference; lastKnownFileType = sourcecode.swift; path = XSC_DemoTests.swift; sourceTree = "<group>"; };
		1F5A1C56205BC4F700F1CE86 /* Info.plist */ = {isa = PBXFileReference; lastKnownFileType = text.plist.xml; path = Info.plist; sourceTree = "<group>"; };
		1F5A1C5B205BC4F700F1CE86 /* XSC-DemoUITests.xctest */ = {isa = PBXFileReference; explicitFileType = wrapper.cfbundle; includeInIndex = 0; path = "XSC-DemoUITests.xctest"; sourceTree = BUILT_PRODUCTS_DIR; };
		1F5A1C5F205BC4F700F1CE86 /* XSC_DemoUITests.swift */ = {isa = PBXFileReference; lastKnownFileType = sourcecode.swift; path = XSC_DemoUITests.swift; sourceTree = "<group>"; };
		1F5A1C61205BC4F700F1CE86 /* Info.plist */ = {isa = PBXFileReference; lastKnownFileType = text.plist.xml; path = Info.plist; sourceTree = "<group>"; };
/* End PBXFileReference section */

/* Begin PBXFrameworksBuildPhase section */
		1F5A1C39205BC4F700F1CE86 /* Frameworks */ = {
			isa = PBXFrameworksBuildPhase;
			buildActionMask = 2147483647;
			files = (
			);
			runOnlyForDeploymentPostprocessing = 0;
		};
		1F5A1C4D205BC4F700F1CE86 /* Frameworks */ = {
			isa = PBXFrameworksBuildPhase;
			buildActionMask = 2147483647;
			files = (
			);
			runOnlyForDeploymentPostprocessing = 0;
		};
		1F5A1C58205BC4F700F1CE86 /* Frameworks */ = {
			isa = PBXFrameworksBuildPhase;
			buildActionMask = 2147483647;
			files = (
			);
			runOnlyForDeploymentPostprocessing = 0;
		};
/* End PBXFrameworksBuildPhase section */

/* Begin PBXGroup section */
		1F5A1C33205BC4F700F1CE86 = {
			isa = PBXGroup;
			children = (
				1F5A1C3E205BC4F700F1CE86 /* XSC-Demo */,
				1F5A1C53205BC4F700F1CE86 /* XSC-DemoTests */,
				1F5A1C5E205BC4F700F1CE86 /* XSC-DemoUITests */,
				1F5A1C3D205BC4F700F1CE86 /* Products */,
			);
			sourceTree = "<group>";
		};
		1F5A1C3D205BC4F700F1CE86 /* Products */ = {
			isa = PBXGroup;
			children = (
				1F5A1C3C205BC4F700F1CE86 /* XSC-Demo.app */,
				1F5A1C50205BC4F700F1CE86 /* XSC-DemoTests.xctest */,
				1F5A1C5B205BC4F700F1CE86 /* XSC-DemoUITests.xctest */,
			);
			name = Products;
			sourceTree = "<group>";
		};
		1F5A1C3E205BC4F700F1CE86 /* XSC-Demo */ = {
			isa = PBXGroup;
			children = (
				1F5A1C3F205BC4F700F1CE86 /* AppDelegate.swift */,
				1F5A1C41205BC4F700F1CE86 /* ViewController.swift */,
				1F5A1C43205BC4F700F1CE86 /* Main.storyboard */,
				1F5A1C46205BC4F700F1CE86 /* Assets.xcassets */,
				1F5A1C48205BC4F700F1CE86 /* LaunchScreen.storyboard */,
				1F5A1C4B205BC4F700F1CE86 /* Info.plist */,
			);
			path = "XSC-Demo";
			sourceTree = "<group>";
		};
		1F5A1C53205BC4F700F1CE86 /* XSC-DemoTests */ = {
			isa = PBXGroup;
			children = (
				1F5A1C54205BC4F700F1CE86 /* XSC_DemoTests.swift */,
				1F5A1C56205BC4F700F1CE86 /* Info.plist */,
			);
			path = "XSC-DemoTests";
			sourceTree = "<group>";
		};
		1F5A1C5E205BC4F700F1CE86 /* XSC-DemoUITests */ = {
			isa = PBXGroup;
			children = (
				1F5A1C5F205BC4F700F1CE86 /* XSC_DemoUITests.swift */,
				1F5A1C61205BC4F700F1CE86 /* Info.plist */,
			);
			path = "XSC-DemoUITests";
			sourceTree = "<group>";
		};
/* End PBXGroup section */

/* Begin PBXNativeTarget section */
		1F5A1C3B205BC4F700F1CE86 /* XSC-Demo */ = {
			isa = PBXNativeTarget;
			buildConfigurationList = 1F5A1C64205BC4F700F1CE86 /* Build configuration list for PBXNativeTarget "XSC-Demo" */;
			buildPhases = (
				1F5A1C38205BC4F700F1CE86 /* Sources */,
				1F5A1C39205BC4F700F1CE86 /* Frameworks */,
				1F5A1C3A205BC4F700F1CE86 /* Resources */,
			);
			buildRules = (
			);
			dependencies = (
			);
			name = "XSC-Demo";
			productName = "XSC-Demo";
			productReference = 1F5A1C3C205BC4F700F1CE86 /* XSC-Demo.app */;
			productType = "com.apple.product-type.application";
		};
		1F5A1C4F205BC4F700F1CE86 /* XSC-DemoTests */ = {
			isa = PBXNativeTarget;
			buildConfigurationList = 1F5A1C67205BC4F700F1CE86 /* Build configuration list for PBXNativeTarget "XSC-DemoTests" */;
			buildPhases = (
				1F5A1C4C205BC4F700F1CE86 /* Sources */,
				1F5A1C4D205BC4F700F1CE86 /* Frameworks */,
				1F5A1C4E205BC4F700F1CE86 /* Resources */,
			);
			buildRules = (
			);
			dependencies = (
				1F5A1C52205BC4F700F1CE86 /* PBXTargetDependency */,
			);
			name = "XSC-DemoTests";
			productName = "XSC-DemoTests";
			productReference = 1F5A1C50205BC4F700F1CE86 /* XSC-DemoTests.xctest */;
			productType = "com.apple.product-type.bundle.unit-test";
		};
		1F5A1C5A205BC4F700F1CE86 /* XSC-DemoUITests */ = {
			isa = PBXNativeTarget;
			buildConfigurationList = 1F5A1C6A205BC4F700F1CE86 /* Build configuration list for PBXNativeTarget "XSC-DemoUITests" */;
			buildPhases = (
				1F5A1C57205BC4F700F1CE86 /* Sources */,
				1F5A1C58205BC4F700F1CE86 /* Frameworks */,
				1F5A1C59205BC4F700F1CE86 /* Resources */,
			);
			buildRules = (
			);
			dependencies = (
				1F5A1C5D205BC4F700F1CE86 /* PBXTargetDependency */,
			);
			name = "XSC-DemoUITests";
			productName = "XSC-DemoUITests";
			productReference = 1F5A1C5B205BC4F700F1CE86 /* XSC-DemoUITests.xctest */;
			productType = "com.apple.product-type.bundle.ui-testing";
		};
/* End PBXNativeTarget section */

/* Begin PBXProject section */
		1F5A1C34205BC4F700F1CE86 /* Project object */ = {
			isa = PBXProject;
			attributes = {
				LastSwiftUpdateCheck = 0920;
				LastUpgradeCheck = 0920;
				ORGANIZATIONNAME = "MaaS Global";
				TargetAttributes = {
					1F5A1C3B205BC4F700F1CE86 = {
						CreatedOnToolsVersion = 9.2;
						ProvisioningStyle = Automatic;
					};
					1F5A1C4F205BC4F700F1CE86 = {
						CreatedOnToolsVersion = 9.2;
						ProvisioningStyle = Automatic;
						TestTargetID = 1F5A1C3B205BC4F700F1CE86;
					};
					1F5A1C5A205BC4F700F1CE86 = {
						CreatedOnToolsVersion = 9.2;
						ProvisioningStyle = Automatic;
						TestTargetID = 1F5A1C3B205BC4F700F1CE86;
					};
				};
			};
			buildConfigurationList = 1F5A1C37205BC4F700F1CE86 /* Build configuration list for PBXProject "XSC-Demo" */;
			compatibilityVersion = "Xcode 8.0";
			developmentRegion = en;
			hasScannedForEncodings = 0;
			knownRegions = (
				en,
				Base,
			);
			mainGroup = 1F5A1C33205BC4F700F1CE86;
			productRefGroup = 1F5A1C3D205BC4F700F1CE86 /* Products */;
			projectDirPath = "";
			projectRoot = "";
			targets = (
				1F5A1C3B205BC4F700F1CE86 /* XSC-Demo */,
				1F5A1C4F205BC4F700F1CE86 /* XSC-DemoTests */,
				1F5A1C5A205BC4F700F1CE86 /* XSC-DemoUITests */,
			);
		};
/* End PBXProject section */

/* Begin PBXResourcesBuildPhase section */
		1F5A1C3A205BC4F700F1CE86 /* Resources */ = {
			isa = PBXResourcesBuildPhase;
			buildActionMask = 2147483647;
			files = (
				1F5A1C4A205BC4F700F1CE86 /* LaunchScreen.storyboard in Resources */,
				1F5A1C47205BC4F700F1CE86 /* Assets.xcassets in Resources */,
				1F5A1C45205BC4F700F1CE86 /* Main.storyboard in Resources */,
			);
			runOnlyForDeploymentPostprocessing = 0;
		};
		1F5A1C4E205BC4F700F1CE86 /* Resources */ = {
			isa = PBXResourcesBuildPhase;
			buildActionMask = 2147483647;
			files = (
			);
			runOnlyForDeploymentPostprocessing = 0;
		};
		1F5A1C59205BC4F700F1CE86 /* Resources */ = {
			isa = PBXResourcesBuildPhase;
			buildActionMask = 2147483647;
			files = (
			);
			runOnlyForDeploymentPostprocessing = 0;
		};
/* End PBXResourcesBuildPhase section */

/* Begin PBXSourcesBuildPhase section */
		1F5A1C38205BC4F700F1CE86 /* Sources */ = {
			isa = PBXSourcesBuildPhase;
			buildActionMask = 2147483647;
			files = (
				1F5A1C42205BC4F700F1CE86 /* ViewController.swift in Sources */,
				1F5A1C40205BC4F700F1CE86 /* AppDelegate.swift in Sources */,
			);
			runOnlyForDeploymentPostprocessing = 0;
		};
		1F5A1C4C205BC4F700F1CE86 /* Sources */ = {
			isa = PBXSourcesBuildPhase;
			buildActionMask = 2147483647;
			files = (
				1F5A1C55205BC4F700F1CE86 /* XSC_DemoTests.swift in Sources */,
			);
			runOnlyForDeploymentPostprocessing = 0;
		};
		1F5A1C57205BC4F700F1CE86 /* Sources */ = {
			isa = PBXSourcesBuildPhase;
			buildActionMask = 2147483647;
			files = (
				1F5A1C60205BC4F700F1CE86 /* XSC_DemoUITests.swift in Sources */,
			);
			runOnlyForDeploymentPostprocessing = 0;
		};
/* End PBXSourcesBuildPhase section */

/* Begin PBXTargetDependency section */
		1F5A1C52205BC4F700F1CE86 /* PBXTargetDependency */ = {
			isa = PBXTargetDependency;
			target = 1F5A1C3B205BC4F700F1CE86 /* XSC-Demo */;
			targetProxy = 1F5A1C51205BC4F700F1CE86 /* PBXContainerItemProxy */;
		};
		1F5A1C5D205BC4F700F1CE86 /* PBXTargetDependency */ = {
			isa = PBXTargetDependency;
			target = 1F5A1C3B205BC4F700F1CE86 /* XSC-Demo */;
			targetProxy = 1F5A1C5C205BC4F700F1CE86 /* PBXContainerItemProxy */;
		};
/* End PBXTargetDependency section */

/* Begin PBXVariantGroup section */
		1F5A1C43205BC4F700F1CE86 /* Main.storyboard */ = {
			isa = PBXVariantGroup;
			children = (
				1F5A1C44205BC4F700F1CE86 /* Base */,
			);
			name = Main.storyboard;
			sourceTree = "<group>";
		};
		1F5A1C48205BC4F700F1CE86 /* LaunchScreen.storyboard */ = {
			isa = PBXVariantGroup;
			children = (
				1F5A1C49205BC4F700F1CE86 /* Base */,
			);
			name = LaunchScreen.storyboard;
			sourceTree = "<group>";
		};
/* End PBXVariantGroup section */

/* Begin XCBuildConfiguration section */
		1F5A1C62205BC4F700F1CE86 /* Debug */ = {
			isa = XCBuildConfiguration;
			buildSettings = {
				ALWAYS_SEARCH_USER_PATHS = NO;
				CLANG_ANALYZER_NONNULL = YES;
				CLANG_ANALYZER_NUMBER_OBJECT_CONVERSION = YES_AGGRESSIVE;
				CLANG_CXX_LANGUAGE_STANDARD = "gnu++14";
				CLANG_CXX_LIBRARY = "libc++";
				CLANG_ENABLE_MODULES = YES;
				CLANG_ENABLE_OBJC_ARC = YES;
				CLANG_WARN_BLOCK_CAPTURE_AUTORELEASING = YES;
				CLANG_WARN_BOOL_CONVERSION = YES;
				CLANG_WARN_COMMA = YES;
				CLANG_WARN_CONSTANT_CONVERSION = YES;
				CLANG_WARN_DIRECT_OBJC_ISA_USAGE = YES_ERROR;
				CLANG_WARN_DOCUMENTATION_COMMENTS = YES;
				CLANG_WARN_EMPTY_BODY = YES;
				CLANG_WARN_ENUM_CONVERSION = YES;
				CLANG_WARN_INFINITE_RECURSION = YES;
				CLANG_WARN_INT_CONVERSION = YES;
				CLANG_WARN_NON_LITERAL_NULL_CONVERSION = YES;
				CLANG_WARN_OBJC_LITERAL_CONVERSION = YES;
				CLANG_WARN_OBJC_ROOT_CLASS = YES_ERROR;
				CLANG_WARN_RANGE_LOOP_ANALYSIS = YES;
				CLANG_WARN_STRICT_PROTOTYPES = YES;
				CLANG_WARN_SUSPICIOUS_MOVE = YES;
				CLANG_WARN_UNGUARDED_AVAILABILITY = YES_AGGRESSIVE;
				CLANG_WARN_UNREACHABLE_CODE = YES;
				CLANG_WARN__DUPLICATE_METHOD_MATCH = YES;
				CODE_SIGN_IDENTITY = "iPhone Developer";
				COPY_PHASE_STRIP = NO;
				DEBUG_INFORMATION_FORMAT = dwarf;
				ENABLE_STRICT_OBJC_MSGSEND = YES;
				ENABLE_TESTABILITY = YES;
				GCC_C_LANGUAGE_STANDARD = gnu11;
				GCC_DYNAMIC_NO_PIC = NO;
				GCC_NO_COMMON_BLOCKS = YES;
				GCC_OPTIMIZATION_LEVEL = 0;
				GCC_PREPROCESSOR_DEFINITIONS = (
					"DEBUG=1",
					"$(inherited)",
				);
				GCC_WARN_64_TO_32_BIT_CONVERSION = YES;
				GCC_WARN_ABOUT_RETURN_TYPE = YES_ERROR;
				GCC_WARN_UNDECLARED_SELECTOR = YES;
				GCC_WARN_UNINITIALIZED_AUTOS = YES_AGGRESSIVE;
				GCC_WARN_UNUSED_FUNCTION = YES;
				GCC_WARN_UNUSED_VARIABLE = YES;
				IPHONEOS_DEPLOYMENT_TARGET = 11.2;
				MTL_ENABLE_DEBUG_INFO = YES;
				ONLY_ACTIVE_ARCH = YES;
				SDKROOT = iphoneos;
				SWIFT_ACTIVE_COMPILATION_CONDITIONS = DEBUG;
				SWIFT_OPTIMIZATION_LEVEL = "-Onone";
			};
			name = Debug;
		};
		1F5A1C63205BC4F700F1CE86 /* Release */ = {
			isa = XCBuildConfiguration;
			buildSettings = {
				ALWAYS_SEARCH_USER_PATHS = NO;
				CLANG_ANALYZER_NONNULL = YES;
				CLANG_ANALYZER_NUMBER_OBJECT_CONVERSION = YES_AGGRESSIVE;
				CLANG_CXX_LANGUAGE_STANDARD = "gnu++14";
				CLANG_CXX_LIBRARY = "libc++";
				CLANG_ENABLE_MODULES = YES;
				CLANG_ENABLE_OBJC_ARC = YES;
				CLANG_WARN_BLOCK_CAPTURE_AUTORELEASING = YES;
				CLANG_WARN_BOOL_CONVERSION = YES;
				CLANG_WARN_COMMA = YES;
				CLANG_WARN_CONSTANT_CONVERSION = YES;
				CLANG_WARN_DIRECT_OBJC_ISA_USAGE = YES_ERROR;
				CLANG_WARN_DOCUMENTATION_COMMENTS = YES;
				CLANG_WARN_EMPTY_BODY = YES;
				CLANG_WARN_ENUM_CONVERSION = YES;
				CLANG_WARN_INFINITE_RECURSION = YES;
				CLANG_WARN_INT_CONVERSION = YES;
				CLANG_WARN_NON_LITERAL_NULL_CONVERSION = YES;
				CLANG_WARN_OBJC_LITERAL_CONVERSION = YES;
				CLANG_WARN_OBJC_ROOT_CLASS = YES_ERROR;
				CLANG_WARN_RANGE_LOOP_ANALYSIS = YES;
				CLANG_WARN_STRICT_PROTOTYPES = YES;
				CLANG_WARN_SUSPICIOUS_MOVE = YES;
				CLANG_WARN_UNGUARDED_AVAILABILITY = YES_AGGRESSIVE;
				CLANG_WARN_UNREACHABLE_CODE = YES;
				CLANG_WARN__DUPLICATE_METHOD_MATCH = YES;
				CODE_SIGN_IDENTITY = "iPhone Developer";
				COPY_PHASE_STRIP = NO;
				DEBUG_INFORMATION_FORMAT = "dwarf-with-dsym";
				ENABLE_NS_ASSERTIONS = NO;
				ENABLE_STRICT_OBJC_MSGSEND = YES;
				GCC_C_LANGUAGE_STANDARD = gnu11;
				GCC_NO_COMMON_BLOCKS = YES;
				GCC_WARN_64_TO_32_BIT_CONVERSION = YES;
				GCC_WARN_ABOUT_RETURN_TYPE = YES_ERROR;
				GCC_WARN_UNDECLARED_SELECTOR = YES;
				GCC_WARN_UNINITIALIZED_AUTOS = YES_AGGRESSIVE;
				GCC_WARN_UNUSED_FUNCTION = YES;
				GCC_WARN_UNUSED_VARIABLE = YES;
				IPHONEOS_DEPLOYMENT_TARGET = 11.2;
				MTL_ENABLE_DEBUG_INFO = NO;
				SDKROOT = iphoneos;
				SWIFT_OPTIMIZATION_LEVEL = "-Owholemodule";
				VALIDATE_PRODUCT = YES;
			};
			name = Release;
		};
		1F5A1C65205BC4F700F1CE86 /* Debug */ = {
			isa = XCBuildConfiguration;
			buildSettings = {
				ASSETCATALOG_COMPILER_APPICON_NAME = AppIcon;
				CODE_SIGN_STYLE = Automatic;
				DEVELOPMENT_TEAM = 7UZ338E9K2;
				INFOPLIST_FILE = "XSC-Demo/Info.plist";
				LD_RUNPATH_SEARCH_PATHS = "$(inherited) @executable_path/Frameworks";
				PRODUCT_BUNDLE_IDENTIFIER = "global.maas.XSC-Demo";
				PRODUCT_NAME = "$(TARGET_NAME)";
				SWIFT_VERSION = 4.0;
				TARGETED_DEVICE_FAMILY = "1,2";
			};
			name = Debug;
		};
		1F5A1C66205BC4F700F1CE86 /* Release */ = {
			isa = XCBuildConfiguration;
			buildSettings = {
				ASSETCATALOG_COMPILER_APPICON_NAME = AppIcon;
				CODE_SIGN_STYLE = Automatic;
				DEVELOPMENT_TEAM = 7UZ338E9K2;
				INFOPLIST_FILE = "XSC-Demo/Info.plist";
				LD_RUNPATH_SEARCH_PATHS = "$(inherited) @executable_path/Frameworks";
				PRODUCT_BUNDLE_IDENTIFIER = "global.maas.XSC-Demo";
				PRODUCT_NAME = "$(TARGET_NAME)";
				SWIFT_VERSION = 4.0;
				TARGETED_DEVICE_FAMILY = "1,2";
			};
			name = Release;
		};
		1F5A1C68205BC4F700F1CE86 /* Debug */ = {
			isa = XCBuildConfiguration;
			buildSettings = {
				ALWAYS_EMBED_SWIFT_STANDARD_LIBRARIES = YES;
				BUNDLE_LOADER = "$(TEST_HOST)";
				CODE_SIGN_STYLE = Automatic;
				INFOPLIST_FILE = "XSC-DemoTests/Info.plist";
				LD_RUNPATH_SEARCH_PATHS = "$(inherited) @executable_path/Frameworks @loader_path/Frameworks";
				PRODUCT_BUNDLE_IDENTIFIER = "global.maas.XSC-DemoTests";
				PRODUCT_NAME = "$(TARGET_NAME)";
				SWIFT_VERSION = 4.0;
				TARGETED_DEVICE_FAMILY = "1,2";
				TEST_HOST = "$(BUILT_PRODUCTS_DIR)/XSC-Demo.app/XSC-Demo";
			};
			name = Debug;
		};
		1F5A1C69205BC4F700F1CE86 /* Release */ = {
			isa = XCBuildConfiguration;
			buildSettings = {
				ALWAYS_EMBED_SWIFT_STANDARD_LIBRARIES = YES;
				BUNDLE_LOADER = "$(TEST_HOST)";
				CODE_SIGN_STYLE = Automatic;
				INFOPLIST_FILE = "XSC-DemoTests/Info.plist";
				LD_RUNPATH_SEARCH_PATHS = "$(inherited) @executable_path/Frameworks @loader_path/Frameworks";
				PRODUCT_BUNDLE_IDENTIFIER = "global.maas.XSC-DemoTests";
				PRODUCT_NAME = "$(TARGET_NAME)";
				SWIFT_VERSION = 4.0;
				TARGETED_DEVICE_FAMILY = "1,2";
				TEST_HOST = "$(BUILT_PRODUCTS_DIR)/XSC-Demo.app/XSC-Demo";
			};
			name = Release;
		};
		1F5A1C6B205BC4F700F1CE86 /* Debug */ = {
			isa = XCBuildConfiguration;
			buildSettings = {
				ALWAYS_EMBED_SWIFT_STANDARD_LIBRARIES = YES;
				CODE_SIGN_STYLE = Automatic;
				INFOPLIST_FILE = "XSC-DemoUITests/Info.plist";
				LD_RUNPATH_SEARCH_PATHS = "$(inherited) @executable_path/Frameworks @loader_path/Frameworks";
				PRODUCT_BUNDLE_IDENTIFIER = "global.maas.XSC-DemoUITests";
				PRODUCT_NAME = "$(TARGET_NAME)";
				SWIFT_VERSION = 4.0;
				TARGETED_DEVICE_FAMILY = "1,2";
				TEST_TARGET_NAME = "XSC-Demo";
			};
			name = Debug;
		};
		1F5A1C6C205BC4F700F1CE86 /* Release */ = {
			isa = XCBuildConfiguration;
			buildSettings = {
				ALWAYS_EMBED_SWIFT_STANDARD_LIBRARIES = YES;
				CODE_SIGN_STYLE = Automatic;
				INFOPLIST_FILE = "XSC-DemoUITests/Info.plist";
				LD_RUNPATH_SEARCH_PATHS = "$(inherited) @executable_path/Frameworks @loader_path/Frameworks";
				PRODUCT_BUNDLE_IDENTIFIER = "global.maas.XSC-DemoUITests";
				PRODUCT_NAME = "$(TARGET_NAME)";
				SWIFT_VERSION = 4.0;
				TARGETED_DEVICE_FAMILY = "1,2";
				TEST_TARGET_NAME = "XSC-Demo";
			};
			name = Release;
		};
/* End XCBuildConfiguration section */

/* Begin XCConfigurationList section */
		1F5A1C37205BC4F700F1CE86 /* Build configuration list for PBXProject "XSC-Demo" */ = {
			isa = XCConfigurationList;
			buildConfigurations = (
				1F5A1C62205BC4F700F1CE86 /* Debug */,
				1F5A1C63205BC4F700F1CE86 /* Release */,
			);
			defaultConfigurationIsVisible = 0;
			defaultConfigurationName = Release;
		};
		1F5A1C64205BC4F700F1CE86 /* Build configuration list for PBXNativeTarget "XSC-Demo" */ = {
			isa = XCConfigurationList;
			buildConfigurations = (
				1F5A1C65205BC4F700F1CE86 /* Debug */,
				1F5A1C66205BC4F700F1CE86 /* Release */,
			);
			defaultConfigurationIsVisible = 0;
			defaultConfigurationName = Release;
		};
		1F5A1C67205BC4F700F1CE86 /* Build configuration list for PBXNativeTarget "XSC-DemoTests" */ = {
			isa = XCConfigurationList;
			buildConfigurations = (
				1F5A1C68205BC4F700F1CE86 /* Debug */,
				1F5A1C69205BC4F700F1CE86 /* Release */,
			);
			defaultConfigurationIsVisible = 0;
			defaultConfigurationName = Release;
		};
		1F5A1C6A205BC4F700F1CE86 /* Build configuration list for PBXNativeTarget "XSC-DemoUITests" */ = {
			isa = XCConfigurationList;
			buildConfigurations = (
				1F5A1C6B205BC4F700F1CE86 /* Debug */,
				1F5A1C6C205BC4F700F1CE86 /* Release */,
			);
			defaultConfigurationIsVisible = 0;
			defaultConfigurationName = Release;
		};
/* End XCConfigurationList section */
	};
	rootObject = 1F5A1C34205BC4F700F1CE86 /* Project object */;
}
